{
  "name": "busmap",
  "version": "1.0.0",
  "lockfileVersion": 3,
  "requires": true,
  "packages": {
    "": {
      "name": "busmap",
      "version": "1.0.0",
      "license": "ISC",
      "devDependencies": {
        "@types/mapbox-gl": "^2.7.19"
      }
    },
    "node_modules/@types/geojson": {
      "version": "7946.0.13",
      "resolved": "https://registry.npmjs.org/@types/geojson/-/geojson-7946.0.13.tgz",
      "integrity": "sha512-bmrNrgKMOhM3WsafmbGmC+6dsF2Z308vLFsQ3a/bT8X8Sv5clVYpPars/UPq+sAaJP+5OoLAYgwbkS5QEJdLUQ==",
      "dev": true
    },
    "node_modules/@types/mapbox-gl": {
      "version": "2.7.19",
      "resolved": "https://registry.npmjs.org/@types/mapbox-gl/-/mapbox-gl-2.7.19.tgz",
      "integrity": "sha512-pkRdlhQJNbtwcKJSVC4uuOA6M3OlOObIMhNecqHB991oeaDF5XkjSIRaTE0lh5p4KClptSCxW6MBiREVRHrl2A==",
      "dev": true,
      "dependencies": {
        "@types/geojson": "*"
      }
    }
  }
}
